
Microsoft Visual Studio Solution File, Format Version 12.00
# Visual Studio Version 17
VisualStudioVersion = 17.3.32825.248
MinimumVisualStudioVersion = 10.0.40219.1
Project("{FAE04EC0-301F-11D3-BF4B-00C04F79EFBC}") = "CaroChessLAN", "CaroChessLAN\CaroChessLAN.csproj", "{0A2E5C78-C785-456C-8F3E-6B5D56F55D0A}"
EndProject
Global
	GlobalSection(SolutionConfigurationPlatforms) = preSolution
		Debug|Any CPU = Debug|Any CPU
		Release|Any CPU = Release|Any CPU
	EndGlobalSection
	GlobalSection(ProjectConfigurationPlatforms) = postSolution
		{0A2E5C78-C785-456C-8F3E-6B5D56F55D0A}.Debug|Any CPU.ActiveCfg = Debug|Any CPU
		{0A2E5C78-C785-456C-8F3E-6B5D56F55D0A}.Debug|Any CPU.Build.0 = Debug|Any CPU
		{0A2E5C78-C785-456C-8F3E-6B5D56F55D0A}.Release|Any CPU.ActiveCfg = Release|Any CPU
		{0A2E5C78-C785-456C-8F3E-6B5D56F55D0A}.Release|Any CPU.Build.0 = Release|Any CPU
	EndGlobalSection
	GlobalSection(SolutionProperties) = preSolution
		HideSolutionNode = FALSE
	EndGlobalSection
	GlobalSection(ExtensibilityGlobals) = postSolution
		SolutionGuid = {DC0AC3E7-135E-40F3-80D5-D9459E99CC77}
	EndGlobalSection
EndGlobal
